
Microsoft Visual Studio Solution File, Format Version 12.00
# Visual Studio Version 17
VisualStudioVersion = 17.0.31903.59
MinimumVisualStudioVersion = 10.0.40219.1
Project("{2150E333-8FDC-42A3-9474-1A3956D46DE8}") = "src", "src", "{A8BCC703-B0C4-4527-900E-666566FA3A0C}"
EndProject
Project("{FAE04EC0-301F-11D3-BF4B-00C04F79EFBC}") = "Flights.Api", "src\Flights.Api\Flights.Api.csproj", "{3533D1B8-5F01-4320-B10E-25DC345ECF53}"
EndProject
Project("{FAE04EC0-301F-11D3-BF4B-00C04F79EFBC}") = "Flights.Application", "src\Flights.Application\Flights.Application.csproj", "{FAB22874-BE60-47D6-AFE4-FC167FF995A0}"
EndProject
Project("{FAE04EC0-301F-11D3-BF4B-00C04F79EFBC}") = "Flights.Infrastructure", "src\Flights.Infrastructure\Flights.Infrastructure.csproj", "{36529D58-B01A-4F93-99F9-0EF689D1B75C}"
EndProject
Project("{FAE04EC0-301F-11D3-BF4B-00C04F79EFBC}") = "Flights.Domain", "src\Flights.Domain\Flights.Domain.csproj", "{38D3F4B1-0EE2-46CD-97CE-C80E9DA6785A}"
EndProject
Project("{FAE04EC0-301F-11D3-BF4B-00C04F79EFBC}") = "Flights.Contracts", "src\Flights.Contracts\Flights.Contracts.csproj", "{A940EA0E-69F8-4744-B4BF-DBE6CAFEA186}"
EndProject
Global
	GlobalSection(SolutionProperties) = preSolution
		HideSolutionNode = FALSE
	EndGlobalSection
	GlobalSection(SolutionConfigurationPlatforms) = preSolution
		Debug|Any CPU = Debug|Any CPU
		Debug|x64 = Debug|x64
		Debug|x86 = Debug|x86
		Release|Any CPU = Release|Any CPU
		Release|x64 = Release|x64
		Release|x86 = Release|x86
	EndGlobalSection
	GlobalSection(ProjectConfigurationPlatforms) = postSolution
		{3533D1B8-5F01-4320-B10E-25DC345ECF53}.Debug|Any CPU.ActiveCfg = Debug|Any CPU
		{3533D1B8-5F01-4320-B10E-25DC345ECF53}.Debug|Any CPU.Build.0 = Debug|Any CPU
		{3533D1B8-5F01-4320-B10E-25DC345ECF53}.Debug|x64.ActiveCfg = Debug|Any CPU
		{3533D1B8-5F01-4320-B10E-25DC345ECF53}.Debug|x64.Build.0 = Debug|Any CPU
		{3533D1B8-5F01-4320-B10E-25DC345ECF53}.Debug|x86.ActiveCfg = Debug|Any CPU
		{3533D1B8-5F01-4320-B10E-25DC345ECF53}.Debug|x86.Build.0 = Debug|Any CPU
		{3533D1B8-5F01-4320-B10E-25DC345ECF53}.Release|Any CPU.ActiveCfg = Release|Any CPU
		{3533D1B8-5F01-4320-B10E-25DC345ECF53}.Release|Any CPU.Build.0 = Release|Any CPU
		{3533D1B8-5F01-4320-B10E-25DC345ECF53}.Release|x64.ActiveCfg = Release|Any CPU
		{3533D1B8-5F01-4320-B10E-25DC345ECF53}.Release|x64.Build.0 = Release|Any CPU
		{3533D1B8-5F01-4320-B10E-25DC345ECF53}.Release|x86.ActiveCfg = Release|Any CPU
		{3533D1B8-5F01-4320-B10E-25DC345ECF53}.Release|x86.Build.0 = Release|Any CPU
		{FAB22874-BE60-47D6-AFE4-FC167FF995A0}.Debug|Any CPU.ActiveCfg = Debug|Any CPU
		{FAB22874-BE60-47D6-AFE4-FC167FF995A0}.Debug|Any CPU.Build.0 = Debug|Any CPU
		{FAB22874-BE60-47D6-AFE4-FC167FF995A0}.Debug|x64.ActiveCfg = Debug|Any CPU
		{FAB22874-BE60-47D6-AFE4-FC167FF995A0}.Debug|x64.Build.0 = Debug|Any CPU
		{FAB22874-BE60-47D6-AFE4-FC167FF995A0}.Debug|x86.ActiveCfg = Debug|Any CPU
		{FAB22874-BE60-47D6-AFE4-FC167FF995A0}.Debug|x86.Build.0 = Debug|Any CPU
		{FAB22874-BE60-47D6-AFE4-FC167FF995A0}.Release|Any CPU.ActiveCfg = Release|Any CPU
		{FAB22874-BE60-47D6-AFE4-FC167FF995A0}.Release|Any CPU.Build.0 = Release|Any CPU
		{FAB22874-BE60-47D6-AFE4-FC167FF995A0}.Release|x64.ActiveCfg = Release|Any CPU
		{FAB22874-BE60-47D6-AFE4-FC167FF995A0}.Release|x64.Build.0 = Release|Any CPU
		{FAB22874-BE60-47D6-AFE4-FC167FF995A0}.Release|x86.ActiveCfg = Release|Any CPU
		{FAB22874-BE60-47D6-AFE4-FC167FF995A0}.Release|x86.Build.0 = Release|Any CPU
		{36529D58-B01A-4F93-99F9-0EF689D1B75C}.Debug|Any CPU.ActiveCfg = Debug|Any CPU
		{36529D58-B01A-4F93-99F9-0EF689D1B75C}.Debug|Any CPU.Build.0 = Debug|Any CPU
		{36529D58-B01A-4F93-99F9-0EF689D1B75C}.Debug|x64.ActiveCfg = Debug|Any CPU
		{36529D58-B01A-4F93-99F9-0EF689D1B75C}.Debug|x64.Build.0 = Debug|Any CPU
		{36529D58-B01A-4F93-99F9-0EF689D1B75C}.Debug|x86.ActiveCfg = Debug|Any CPU
		{36529D58-B01A-4F93-99F9-0EF689D1B75C}.Debug|x86.Build.0 = Debug|Any CPU
		{36529D58-B01A-4F93-99F9-0EF689D1B75C}.Release|Any CPU.ActiveCfg = Release|Any CPU
		{36529D58-B01A-4F93-99F9-0EF689D1B75C}.Release|Any CPU.Build.0 = Release|Any CPU
		{36529D58-B01A-4F93-99F9-0EF689D1B75C}.Release|x64.ActiveCfg = Release|Any CPU
		{36529D58-B01A-4F93-99F9-0EF689D1B75C}.Release|x64.Build.0 = Release|Any CPU
		{36529D58-B01A-4F93-99F9-0EF689D1B75C}.Release|x86.ActiveCfg = Release|Any CPU
		{36529D58-B01A-4F93-99F9-0EF689D1B75C}.Release|x86.Build.0 = Release|Any CPU
		{38D3F4B1-0EE2-46CD-97CE-C80E9DA6785A}.Debug|Any CPU.ActiveCfg = Debug|Any CPU
		{38D3F4B1-0EE2-46CD-97CE-C80E9DA6785A}.Debug|Any CPU.Build.0 = Debug|Any CPU
		{38D3F4B1-0EE2-46CD-97CE-C80E9DA6785A}.Debug|x64.ActiveCfg = Debug|Any CPU
		{38D3F4B1-0EE2-46CD-97CE-C80E9DA6785A}.Debug|x64.Build.0 = Debug|Any CPU
		{38D3F4B1-0EE2-46CD-97CE-C80E9DA6785A}.Debug|x86.ActiveCfg = Debug|Any CPU
		{38D3F4B1-0EE2-46CD-97CE-C80E9DA6785A}.Debug|x86.Build.0 = Debug|Any CPU
		{38D3F4B1-0EE2-46CD-97CE-C80E9DA6785A}.Release|Any CPU.ActiveCfg = Release|Any CPU
		{38D3F4B1-0EE2-46CD-97CE-C80E9DA6785A}.Release|Any CPU.Build.0 = Release|Any CPU
		{38D3F4B1-0EE2-46CD-97CE-C80E9DA6785A}.Release|x64.ActiveCfg = Release|Any CPU
		{38D3F4B1-0EE2-46CD-97CE-C80E9DA6785A}.Release|x64.Build.0 = Release|Any CPU
		{38D3F4B1-0EE2-46CD-97CE-C80E9DA6785A}.Release|x86.ActiveCfg = Release|Any CPU
		{38D3F4B1-0EE2-46CD-97CE-C80E9DA6785A}.Release|x86.Build.0 = Release|Any CPU
		{A940EA0E-69F8-4744-B4BF-DBE6CAFEA186}.Debug|Any CPU.ActiveCfg = Debug|Any CPU
		{A940EA0E-69F8-4744-B4BF-DBE6CAFEA186}.Debug|Any CPU.Build.0 = Debug|Any CPU
		{A940EA0E-69F8-4744-B4BF-DBE6CAFEA186}.Debug|x64.ActiveCfg = Debug|Any CPU
		{A940EA0E-69F8-4744-B4BF-DBE6CAFEA186}.Debug|x64.Build.0 = Debug|Any CPU
		{A940EA0E-69F8-4744-B4BF-DBE6CAFEA186}.Debug|x86.ActiveCfg = Debug|Any CPU
		{A940EA0E-69F8-4744-B4BF-DBE6CAFEA186}.Debug|x86.Build.0 = Debug|Any CPU
		{A940EA0E-69F8-4744-B4BF-DBE6CAFEA186}.Release|Any CPU.ActiveCfg = Release|Any CPU
		{A940EA0E-69F8-4744-B4BF-DBE6CAFEA186}.Release|Any CPU.Build.0 = Release|Any CPU
		{A940EA0E-69F8-4744-B4BF-DBE6CAFEA186}.Release|x64.ActiveCfg = Release|Any CPU
		{A940EA0E-69F8-4744-B4BF-DBE6CAFEA186}.Release|x64.Build.0 = Release|Any CPU
		{A940EA0E-69F8-4744-B4BF-DBE6CAFEA186}.Release|x86.ActiveCfg = Release|Any CPU
		{A940EA0E-69F8-4744-B4BF-DBE6CAFEA186}.Release|x86.Build.0 = Release|Any CPU
	EndGlobalSection
	GlobalSection(NestedProjects) = preSolution
		{3533D1B8-5F01-4320-B10E-25DC345ECF53} = {A8BCC703-B0C4-4527-900E-666566FA3A0C}
		{FAB22874-BE60-47D6-AFE4-FC167FF995A0} = {A8BCC703-B0C4-4527-900E-666566FA3A0C}
		{36529D58-B01A-4F93-99F9-0EF689D1B75C} = {A8BCC703-B0C4-4527-900E-666566FA3A0C}
		{38D3F4B1-0EE2-46CD-97CE-C80E9DA6785A} = {A8BCC703-B0C4-4527-900E-666566FA3A0C}
		{A940EA0E-69F8-4744-B4BF-DBE6CAFEA186} = {A8BCC703-B0C4-4527-900E-666566FA3A0C}
	EndGlobalSection
EndGlobal
